
Microsoft Visual Studio Solution File, Format Version 12.00
# Visual Studio 15
VisualStudioVersion = 15.0.27130.2036
MinimumVisualStudioVersion = 10.0.40219.1
Project("{FAE04EC0-301F-11D3-BF4B-00C04F79EFBC}") = "D2MoCa", "D2MoCa\D2MoCa.csproj", "{A09AF732-6111-42ED-B656-23E66509C62A}"
EndProject
Project("{2150E333-8FDC-42A3-9474-1A3956D46DE8}") = "Solution Items", "Solution Items", "{F53487B1-9B2C-4B22-A45E-E582029FF8FB}"
	ProjectSection(SolutionItems) = preProject
		TODO.txt = TODO.txt
	EndProjectSection
EndProject
Project("{FAE04EC0-301F-11D3-BF4B-00C04F79EFBC}") = "D2FullControl", "D2FullControl\D2FullControl.csproj", "{E5572C2A-7DD0-4F1A-AB9B-6EC239F1154B}"
EndProject
Project("{FAE04EC0-301F-11D3-BF4B-00C04F79EFBC}") = "D2PartyTime", "D2PartyTime\D2PartyTime.csproj", "{CC97A21B-AD88-4849-9B0A-C0664741F196}"
EndProject
Project("{FAE04EC0-301F-11D3-BF4B-00C04F79EFBC}") = "D2Testing", "D2Testing\D2Testing.csproj", "{7DCA98DB-BE9D-4B0A-A817-77C9233607CE}"
EndProject
Project("{FAE04EC0-301F-11D3-BF4B-00C04F79EFBC}") = "GreenVex", "GreenVex\GreenVex.csproj", "{2B8F1AAA-1C56-42E5-9407-2C55A4FF54F5}"
EndProject
Project("{FAE04EC0-301F-11D3-BF4B-00C04F79EFBC}") = "OneForAll", "OneForAll\OneForAll.csproj", "{4597038B-FADD-4538-8D4F-0A519F556555}"
EndProject
Project("{FAE04EC0-301F-11D3-BF4B-00C04F79EFBC}") = "D2QS", "D2QS\D2QS.csproj", "{CE1C201E-E593-4BCE-BC18-5F89F39587C2}"
EndProject
Global
	GlobalSection(SolutionConfigurationPlatforms) = preSolution
		CD_ROM|Any CPU = CD_ROM|Any CPU
		CD_ROM|x86 = CD_ROM|x86
		Debug|Any CPU = Debug|Any CPU
		Debug|x86 = Debug|x86
		DVD-5|Any CPU = DVD-5|Any CPU
		DVD-5|x86 = DVD-5|x86
		Release|Any CPU = Release|Any CPU
		Release|x86 = Release|x86
		SingleImage|Any CPU = SingleImage|Any CPU
		SingleImage|x86 = SingleImage|x86
	EndGlobalSection
	GlobalSection(ProjectConfigurationPlatforms) = postSolution
		{A09AF732-6111-42ED-B656-23E66509C62A}.CD_ROM|Any CPU.ActiveCfg = Debug|x86
		{A09AF732-6111-42ED-B656-23E66509C62A}.CD_ROM|Any CPU.Build.0 = Debug|x86
		{A09AF732-6111-42ED-B656-23E66509C62A}.CD_ROM|x86.ActiveCfg = Release|x86
		{A09AF732-6111-42ED-B656-23E66509C62A}.CD_ROM|x86.Build.0 = Release|x86
		{A09AF732-6111-42ED-B656-23E66509C62A}.Debug|Any CPU.ActiveCfg = Debug|x86
		{A09AF732-6111-42ED-B656-23E66509C62A}.Debug|x86.ActiveCfg = Debug|x86
		{A09AF732-6111-42ED-B656-23E66509C62A}.Debug|x86.Build.0 = Debug|x86
		{A09AF732-6111-42ED-B656-23E66509C62A}.DVD-5|Any CPU.ActiveCfg = Debug|x86
		{A09AF732-6111-42ED-B656-23E66509C62A}.DVD-5|Any CPU.Build.0 = Debug|x86
		{A09AF732-6111-42ED-B656-23E66509C62A}.DVD-5|x86.ActiveCfg = Debug|x86
		{A09AF732-6111-42ED-B656-23E66509C62A}.DVD-5|x86.Build.0 = Debug|x86
		{A09AF732-6111-42ED-B656-23E66509C62A}.Release|Any CPU.ActiveCfg = Release|x86
		{A09AF732-6111-42ED-B656-23E66509C62A}.Release|x86.ActiveCfg = Release|x86
		{A09AF732-6111-42ED-B656-23E66509C62A}.Release|x86.Build.0 = Release|x86
		{A09AF732-6111-42ED-B656-23E66509C62A}.SingleImage|Any CPU.ActiveCfg = Debug|x86
		{A09AF732-6111-42ED-B656-23E66509C62A}.SingleImage|Any CPU.Build.0 = Debug|x86
		{A09AF732-6111-42ED-B656-23E66509C62A}.SingleImage|x86.ActiveCfg = Release|x86
		{A09AF732-6111-42ED-B656-23E66509C62A}.SingleImage|x86.Build.0 = Release|x86
		{E5572C2A-7DD0-4F1A-AB9B-6EC239F1154B}.CD_ROM|Any CPU.ActiveCfg = Release|Any CPU
		{E5572C2A-7DD0-4F1A-AB9B-6EC239F1154B}.CD_ROM|Any CPU.Build.0 = Release|Any CPU
		{E5572C2A-7DD0-4F1A-AB9B-6EC239F1154B}.CD_ROM|x86.ActiveCfg = Release|Any CPU
		{E5572C2A-7DD0-4F1A-AB9B-6EC239F1154B}.CD_ROM|x86.Build.0 = Release|Any CPU
		{E5572C2A-7DD0-4F1A-AB9B-6EC239F1154B}.Debug|Any CPU.ActiveCfg = Debug|Any CPU
		{E5572C2A-7DD0-4F1A-AB9B-6EC239F1154B}.Debug|Any CPU.Build.0 = Debug|Any CPU
		{E5572C2A-7DD0-4F1A-AB9B-6EC239F1154B}.Debug|x86.ActiveCfg = Debug|Any CPU
		{E5572C2A-7DD0-4F1A-AB9B-6EC239F1154B}.Debug|x86.Build.0 = Debug|Any CPU
		{E5572C2A-7DD0-4F1A-AB9B-6EC239F1154B}.DVD-5|Any CPU.ActiveCfg = Debug|Any CPU
		{E5572C2A-7DD0-4F1A-AB9B-6EC239F1154B}.DVD-5|Any CPU.Build.0 = Debug|Any CPU
		{E5572C2A-7DD0-4F1A-AB9B-6EC239F1154B}.DVD-5|x86.ActiveCfg = Debug|Any CPU
		{E5572C2A-7DD0-4F1A-AB9B-6EC239F1154B}.DVD-5|x86.Build.0 = Debug|Any CPU
		{E5572C2A-7DD0-4F1A-AB9B-6EC239F1154B}.Release|Any CPU.ActiveCfg = Release|Any CPU
		{E5572C2A-7DD0-4F1A-AB9B-6EC239F1154B}.Release|Any CPU.Build.0 = Release|Any CPU
		{E5572C2A-7DD0-4F1A-AB9B-6EC239F1154B}.Release|x86.ActiveCfg = Release|Any CPU
		{E5572C2A-7DD0-4F1A-AB9B-6EC239F1154B}.Release|x86.Build.0 = Release|Any CPU
		{E5572C2A-7DD0-4F1A-AB9B-6EC239F1154B}.SingleImage|Any CPU.ActiveCfg = Release|Any CPU
		{E5572C2A-7DD0-4F1A-AB9B-6EC239F1154B}.SingleImage|Any CPU.Build.0 = Release|Any CPU
		{E5572C2A-7DD0-4F1A-AB9B-6EC239F1154B}.SingleImage|x86.ActiveCfg = Release|Any CPU
		{E5572C2A-7DD0-4F1A-AB9B-6EC239F1154B}.SingleImage|x86.Build.0 = Release|Any CPU
		{CC97A21B-AD88-4849-9B0A-C0664741F196}.CD_ROM|Any CPU.ActiveCfg = Release|Any CPU
		{CC97A21B-AD88-4849-9B0A-C0664741F196}.CD_ROM|Any CPU.Build.0 = Release|Any CPU
		{CC97A21B-AD88-4849-9B0A-C0664741F196}.CD_ROM|x86.ActiveCfg = Release|Any CPU
		{CC97A21B-AD88-4849-9B0A-C0664741F196}.CD_ROM|x86.Build.0 = Release|Any CPU
		{CC97A21B-AD88-4849-9B0A-C0664741F196}.Debug|Any CPU.ActiveCfg = Debug|Any CPU
		{CC97A21B-AD88-4849-9B0A-C0664741F196}.Debug|Any CPU.Build.0 = Debug|Any CPU
		{CC97A21B-AD88-4849-9B0A-C0664741F196}.Debug|x86.ActiveCfg = Debug|Any CPU
		{CC97A21B-AD88-4849-9B0A-C0664741F196}.Debug|x86.Build.0 = Debug|Any CPU
		{CC97A21B-AD88-4849-9B0A-C0664741F196}.DVD-5|Any CPU.ActiveCfg = Debug|Any CPU
		{CC97A21B-AD88-4849-9B0A-C0664741F196}.DVD-5|Any CPU.Build.0 = Debug|Any CPU
		{CC97A21B-AD88-4849-9B0A-C0664741F196}.DVD-5|x86.ActiveCfg = Debug|Any CPU
		{CC97A21B-AD88-4849-9B0A-C0664741F196}.DVD-5|x86.Build.0 = Debug|Any CPU
		{CC97A21B-AD88-4849-9B0A-C0664741F196}.Release|Any CPU.ActiveCfg = Release|Any CPU
		{CC97A21B-AD88-4849-9B0A-C0664741F196}.Release|Any CPU.Build.0 = Release|Any CPU
		{CC97A21B-AD88-4849-9B0A-C0664741F196}.Release|x86.ActiveCfg = Release|Any CPU
		{CC97A21B-AD88-4849-9B0A-C0664741F196}.Release|x86.Build.0 = Release|Any CPU
		{CC97A21B-AD88-4849-9B0A-C0664741F196}.SingleImage|Any CPU.ActiveCfg = Release|Any CPU
		{CC97A21B-AD88-4849-9B0A-C0664741F196}.SingleImage|Any CPU.Build.0 = Release|Any CPU
		{CC97A21B-AD88-4849-9B0A-C0664741F196}.SingleImage|x86.ActiveCfg = Release|Any CPU
		{CC97A21B-AD88-4849-9B0A-C0664741F196}.SingleImage|x86.Build.0 = Release|Any CPU
		{7DCA98DB-BE9D-4B0A-A817-77C9233607CE}.CD_ROM|Any CPU.ActiveCfg = Release|Any CPU
		{7DCA98DB-BE9D-4B0A-A817-77C9233607CE}.CD_ROM|Any CPU.Build.0 = Release|Any CPU
		{7DCA98DB-BE9D-4B0A-A817-77C9233607CE}.CD_ROM|x86.ActiveCfg = Release|Any CPU
		{7DCA98DB-BE9D-4B0A-A817-77C9233607CE}.CD_ROM|x86.Build.0 = Release|Any CPU
		{7DCA98DB-BE9D-4B0A-A817-77C9233607CE}.Debug|Any CPU.ActiveCfg = Debug|Any CPU
		{7DCA98DB-BE9D-4B0A-A817-77C9233607CE}.Debug|Any CPU.Build.0 = Debug|Any CPU
		{7DCA98DB-BE9D-4B0A-A817-77C9233607CE}.Debug|x86.ActiveCfg = Debug|Any CPU
		{7DCA98DB-BE9D-4B0A-A817-77C9233607CE}.Debug|x86.Build.0 = Debug|Any CPU
		{7DCA98DB-BE9D-4B0A-A817-77C9233607CE}.DVD-5|Any CPU.ActiveCfg = Debug|Any CPU
		{7DCA98DB-BE9D-4B0A-A817-77C9233607CE}.DVD-5|Any CPU.Build.0 = Debug|Any CPU
		{7DCA98DB-BE9D-4B0A-A817-77C9233607CE}.DVD-5|x86.ActiveCfg = Debug|Any CPU
		{7DCA98DB-BE9D-4B0A-A817-77C9233607CE}.DVD-5|x86.Build.0 = Debug|Any CPU
		{7DCA98DB-BE9D-4B0A-A817-77C9233607CE}.Release|Any CPU.ActiveCfg = Release|Any CPU
		{7DCA98DB-BE9D-4B0A-A817-77C9233607CE}.Release|Any CPU.Build.0 = Release|Any CPU
		{7DCA98DB-BE9D-4B0A-A817-77C9233607CE}.Release|x86.ActiveCfg = Release|Any CPU
		{7DCA98DB-BE9D-4B0A-A817-77C9233607CE}.Release|x86.Build.0 = Release|Any CPU
		{7DCA98DB-BE9D-4B0A-A817-77C9233607CE}.SingleImage|Any CPU.ActiveCfg = Release|Any CPU
		{7DCA98DB-BE9D-4B0A-A817-77C9233607CE}.SingleImage|Any CPU.Build.0 = Release|Any CPU
		{7DCA98DB-BE9D-4B0A-A817-77C9233607CE}.SingleImage|x86.ActiveCfg = Release|Any CPU
		{7DCA98DB-BE9D-4B0A-A817-77C9233607CE}.SingleImage|x86.Build.0 = Release|Any CPU
		{2B8F1AAA-1C56-42E5-9407-2C55A4FF54F5}.CD_ROM|Any CPU.ActiveCfg = Release|Any CPU
		{2B8F1AAA-1C56-42E5-9407-2C55A4FF54F5}.CD_ROM|Any CPU.Build.0 = Release|Any CPU
		{2B8F1AAA-1C56-42E5-9407-2C55A4FF54F5}.CD_ROM|x86.ActiveCfg = Release|Any CPU
		{2B8F1AAA-1C56-42E5-9407-2C55A4FF54F5}.CD_ROM|x86.Build.0 = Release|Any CPU
		{2B8F1AAA-1C56-42E5-9407-2C55A4FF54F5}.Debug|Any CPU.ActiveCfg = Debug|Any CPU
		{2B8F1AAA-1C56-42E5-9407-2C55A4FF54F5}.Debug|Any CPU.Build.0 = Debug|Any CPU
		{2B8F1AAA-1C56-42E5-9407-2C55A4FF54F5}.Debug|x86.ActiveCfg = Debug|Any CPU
		{2B8F1AAA-1C56-42E5-9407-2C55A4FF54F5}.Debug|x86.Build.0 = Debug|Any CPU
		{2B8F1AAA-1C56-42E5-9407-2C55A4FF54F5}.DVD-5|Any CPU.ActiveCfg = Debug|Any CPU
		{2B8F1AAA-1C56-42E5-9407-2C55A4FF54F5}.DVD-5|Any CPU.Build.0 = Debug|Any CPU
		{2B8F1AAA-1C56-42E5-9407-2C55A4FF54F5}.DVD-5|x86.ActiveCfg = Debug|Any CPU
		{2B8F1AAA-1C56-42E5-9407-2C55A4FF54F5}.DVD-5|x86.Build.0 = Debug|Any CPU
		{2B8F1AAA-1C56-42E5-9407-2C55A4FF54F5}.Release|Any CPU.ActiveCfg = Release|Any CPU
		{2B8F1AAA-1C56-42E5-9407-2C55A4FF54F5}.Release|Any CPU.Build.0 = Release|Any CPU
		{2B8F1AAA-1C56-42E5-9407-2C55A4FF54F5}.Release|x86.ActiveCfg = Release|Any CPU
		{2B8F1AAA-1C56-42E5-9407-2C55A4FF54F5}.Release|x86.Build.0 = Release|Any CPU
		{2B8F1AAA-1C56-42E5-9407-2C55A4FF54F5}.SingleImage|Any CPU.ActiveCfg = Release|Any CPU
		{2B8F1AAA-1C56-42E5-9407-2C55A4FF54F5}.SingleImage|Any CPU.Build.0 = Release|Any CPU
		{2B8F1AAA-1C56-42E5-9407-2C55A4FF54F5}.SingleImage|x86.ActiveCfg = Release|Any CPU
		{2B8F1AAA-1C56-42E5-9407-2C55A4FF54F5}.SingleImage|x86.Build.0 = Release|Any CPU
		{4597038B-FADD-4538-8D4F-0A519F556555}.CD_ROM|Any CPU.ActiveCfg = Release|Any CPU
		{4597038B-FADD-4538-8D4F-0A519F556555}.CD_ROM|Any CPU.Build.0 = Release|Any CPU
		{4597038B-FADD-4538-8D4F-0A519F556555}.CD_ROM|x86.ActiveCfg = Release|Any CPU
		{4597038B-FADD-4538-8D4F-0A519F556555}.CD_ROM|x86.Build.0 = Release|Any CPU
		{4597038B-FADD-4538-8D4F-0A519F556555}.Debug|Any CPU.ActiveCfg = Debug|Any CPU
		{4597038B-FADD-4538-8D4F-0A519F556555}.Debug|Any CPU.Build.0 = Debug|Any CPU
		{4597038B-FADD-4538-8D4F-0A519F556555}.Debug|x86.ActiveCfg = Debug|Any CPU
		{4597038B-FADD-4538-8D4F-0A519F556555}.Debug|x86.Build.0 = Debug|Any CPU
		{4597038B-FADD-4538-8D4F-0A519F556555}.DVD-5|Any CPU.ActiveCfg = Debug|Any CPU
		{4597038B-FADD-4538-8D4F-0A519F556555}.DVD-5|Any CPU.Build.0 = Debug|Any CPU
		{4597038B-FADD-4538-8D4F-0A519F556555}.DVD-5|x86.ActiveCfg = Debug|Any CPU
		{4597038B-FADD-4538-8D4F-0A519F556555}.DVD-5|x86.Build.0 = Debug|Any CPU
		{4597038B-FADD-4538-8D4F-0A519F556555}.Release|Any CPU.ActiveCfg = Release|Any CPU
		{4597038B-FADD-4538-8D4F-0A519F556555}.Release|Any CPU.Build.0 = Release|Any CPU
		{4597038B-FADD-4538-8D4F-0A519F556555}.Release|x86.ActiveCfg = Release|Any CPU
		{4597038B-FADD-4538-8D4F-0A519F556555}.Release|x86.Build.0 = Release|Any CPU
		{4597038B-FADD-4538-8D4F-0A519F556555}.SingleImage|Any CPU.ActiveCfg = Release|Any CPU
		{4597038B-FADD-4538-8D4F-0A519F556555}.SingleImage|Any CPU.Build.0 = Release|Any CPU
		{4597038B-FADD-4538-8D4F-0A519F556555}.SingleImage|x86.ActiveCfg = Release|Any CPU
		{4597038B-FADD-4538-8D4F-0A519F556555}.SingleImage|x86.Build.0 = Release|Any CPU
		{CE1C201E-E593-4BCE-BC18-5F89F39587C2}.CD_ROM|Any CPU.ActiveCfg = Release|Any CPU
		{CE1C201E-E593-4BCE-BC18-5F89F39587C2}.CD_ROM|Any CPU.Build.0 = Release|Any CPU
		{CE1C201E-E593-4BCE-BC18-5F89F39587C2}.CD_ROM|x86.ActiveCfg = Release|Any CPU
		{CE1C201E-E593-4BCE-BC18-5F89F39587C2}.CD_ROM|x86.Build.0 = Release|Any CPU
		{CE1C201E-E593-4BCE-BC18-5F89F39587C2}.Debug|Any CPU.ActiveCfg = Debug|Any CPU
		{CE1C201E-E593-4BCE-BC18-5F89F39587C2}.Debug|Any CPU.Build.0 = Debug|Any CPU
		{CE1C201E-E593-4BCE-BC18-5F89F39587C2}.Debug|x86.ActiveCfg = Debug|Any CPU
		{CE1C201E-E593-4BCE-BC18-5F89F39587C2}.Debug|x86.Build.0 = Debug|Any CPU
		{CE1C201E-E593-4BCE-BC18-5F89F39587C2}.DVD-5|Any CPU.ActiveCfg = Debug|Any CPU
		{CE1C201E-E593-4BCE-BC18-5F89F39587C2}.DVD-5|Any CPU.Build.0 = Debug|Any CPU
		{CE1C201E-E593-4BCE-BC18-5F89F39587C2}.DVD-5|x86.ActiveCfg = Debug|Any CPU
		{CE1C201E-E593-4BCE-BC18-5F89F39587C2}.DVD-5|x86.Build.0 = Debug|Any CPU
		{CE1C201E-E593-4BCE-BC18-5F89F39587C2}.Release|Any CPU.ActiveCfg = Release|Any CPU
		{CE1C201E-E593-4BCE-BC18-5F89F39587C2}.Release|Any CPU.Build.0 = Release|Any CPU
		{CE1C201E-E593-4BCE-BC18-5F89F39587C2}.Release|x86.ActiveCfg = Release|Any CPU
		{CE1C201E-E593-4BCE-BC18-5F89F39587C2}.Release|x86.Build.0 = Release|Any CPU
		{CE1C201E-E593-4BCE-BC18-5F89F39587C2}.SingleImage|Any CPU.ActiveCfg = Release|Any CPU
		{CE1C201E-E593-4BCE-BC18-5F89F39587C2}.SingleImage|Any CPU.Build.0 = Release|Any CPU
		{CE1C201E-E593-4BCE-BC18-5F89F39587C2}.SingleImage|x86.ActiveCfg = Release|Any CPU
		{CE1C201E-E593-4BCE-BC18-5F89F39587C2}.SingleImage|x86.Build.0 = Release|Any CPU
	EndGlobalSection
	GlobalSection(SolutionProperties) = preSolution
		HideSolutionNode = FALSE
	EndGlobalSection
	GlobalSection(ExtensibilityGlobals) = postSolution
		SolutionGuid = {EEB1D1A5-2649-4892-8E99-D60F0199278A}
	EndGlobalSection
EndGlobal
