
Microsoft Visual Studio Solution File, Format Version 12.00
# Visual Studio 15
VisualStudioVersion = 15.0.27130.2010
MinimumVisualStudioVersion = 10.0.40219.1
Project("{9A19103F-16F7-4668-BE54-9A1E7A4F7556}") = "AuctionHouse", "D2AH\AuctionHouse.csproj", "{304EA5C6-8B11-4E0A-BDBB-F3AD4BF4CBAF}"
EndProject
Project("{9A19103F-16F7-4668-BE54-9A1E7A4F7556}") = "UserManager", "UserManager\UserManager.csproj", "{3725F870-9579-4582-92B6-C0C5DDBFD03A}"
EndProject
Project("{FAE04EC0-301F-11D3-BF4B-00C04F79EFBC}") = "Persistence", "Persistence\Persistence.csproj", "{A2E5E332-7269-45E6-8EAE-B2F32BA280E3}"
EndProject
Project("{FAE04EC0-301F-11D3-BF4B-00C04F79EFBC}") = "Domain", "Domain\Domain.csproj", "{2BA881DD-E937-4E87-90AE-679D386CF35F}"
EndProject
Global
	GlobalSection(SolutionConfigurationPlatforms) = preSolution
		Debug|Any CPU = Debug|Any CPU
		Release|Any CPU = Release|Any CPU
	EndGlobalSection
	GlobalSection(ProjectConfigurationPlatforms) = postSolution
		{304EA5C6-8B11-4E0A-BDBB-F3AD4BF4CBAF}.Debug|Any CPU.ActiveCfg = Debug|Any CPU
		{304EA5C6-8B11-4E0A-BDBB-F3AD4BF4CBAF}.Debug|Any CPU.Build.0 = Debug|Any CPU
		{304EA5C6-8B11-4E0A-BDBB-F3AD4BF4CBAF}.Release|Any CPU.ActiveCfg = Release|Any CPU
		{304EA5C6-8B11-4E0A-BDBB-F3AD4BF4CBAF}.Release|Any CPU.Build.0 = Release|Any CPU
		{3725F870-9579-4582-92B6-C0C5DDBFD03A}.Debug|Any CPU.ActiveCfg = Debug|Any CPU
		{3725F870-9579-4582-92B6-C0C5DDBFD03A}.Debug|Any CPU.Build.0 = Debug|Any CPU
		{3725F870-9579-4582-92B6-C0C5DDBFD03A}.Release|Any CPU.ActiveCfg = Release|Any CPU
		{3725F870-9579-4582-92B6-C0C5DDBFD03A}.Release|Any CPU.Build.0 = Release|Any CPU
		{A2E5E332-7269-45E6-8EAE-B2F32BA280E3}.Debug|Any CPU.ActiveCfg = Debug|Any CPU
		{A2E5E332-7269-45E6-8EAE-B2F32BA280E3}.Debug|Any CPU.Build.0 = Debug|Any CPU
		{A2E5E332-7269-45E6-8EAE-B2F32BA280E3}.Release|Any CPU.ActiveCfg = Release|Any CPU
		{A2E5E332-7269-45E6-8EAE-B2F32BA280E3}.Release|Any CPU.Build.0 = Release|Any CPU
		{2BA881DD-E937-4E87-90AE-679D386CF35F}.Debug|Any CPU.ActiveCfg = Debug|Any CPU
		{2BA881DD-E937-4E87-90AE-679D386CF35F}.Debug|Any CPU.Build.0 = Debug|Any CPU
		{2BA881DD-E937-4E87-90AE-679D386CF35F}.Release|Any CPU.ActiveCfg = Release|Any CPU
		{2BA881DD-E937-4E87-90AE-679D386CF35F}.Release|Any CPU.Build.0 = Release|Any CPU
	EndGlobalSection
	GlobalSection(SolutionProperties) = preSolution
		HideSolutionNode = FALSE
	EndGlobalSection
	GlobalSection(ExtensibilityGlobals) = postSolution
		SolutionGuid = {E29F8A6D-7ADB-41F1-B8C0-3F9D168435E6}
	EndGlobalSection
EndGlobal
