
Microsoft Visual Studio Solution File, Format Version 12.00
# Visual Studio 14
VisualStudioVersion = 14.0.25420.1
MinimumVisualStudioVersion = 10.0.40219.1
Project("{FAE04EC0-301F-11D3-BF4B-00C04F79EFBC}") = "D2aio", "D2aio\D2aio.csproj", "{18648E22-6B2B-42F3-A089-0FE1BA70ECF9}"
EndProject
Project("{FAE04EC0-301F-11D3-BF4B-00C04F79EFBC}") = "PluginSDK", "PluginSDK\PluginSDK.csproj", "{C0AC99B8-F24F-4C7D-A473-024023D7238F}"
EndProject
Project("{FAE04EC0-301F-11D3-BF4B-00C04F79EFBC}") = "D2aioFrm", "D2aioFrm\D2aioFrm.csproj", "{3AD9CD1E-C2FD-46C0-AA5A-D4C38EEF3D99}"
EndProject
Project("{FAE04EC0-301F-11D3-BF4B-00C04F79EFBC}") = "DataSDK", "DataSDK\DataSDK.csproj", "{B791753E-378D-46F4-8CDB-A32575E9B8A4}"
EndProject
Global
	GlobalSection(SolutionConfigurationPlatforms) = preSolution
		Debug|Any CPU = Debug|Any CPU
		Release|Any CPU = Release|Any CPU
	EndGlobalSection
	GlobalSection(ProjectConfigurationPlatforms) = postSolution
		{18648E22-6B2B-42F3-A089-0FE1BA70ECF9}.Debug|Any CPU.ActiveCfg = Debug|Any CPU
		{18648E22-6B2B-42F3-A089-0FE1BA70ECF9}.Debug|Any CPU.Build.0 = Debug|Any CPU
		{18648E22-6B2B-42F3-A089-0FE1BA70ECF9}.Release|Any CPU.ActiveCfg = Release|Any CPU
		{18648E22-6B2B-42F3-A089-0FE1BA70ECF9}.Release|Any CPU.Build.0 = Release|Any CPU
		{C0AC99B8-F24F-4C7D-A473-024023D7238F}.Debug|Any CPU.ActiveCfg = Debug|Any CPU
		{C0AC99B8-F24F-4C7D-A473-024023D7238F}.Debug|Any CPU.Build.0 = Debug|Any CPU
		{C0AC99B8-F24F-4C7D-A473-024023D7238F}.Release|Any CPU.ActiveCfg = Release|Any CPU
		{C0AC99B8-F24F-4C7D-A473-024023D7238F}.Release|Any CPU.Build.0 = Release|Any CPU
		{3AD9CD1E-C2FD-46C0-AA5A-D4C38EEF3D99}.Debug|Any CPU.ActiveCfg = Debug|Any CPU
		{3AD9CD1E-C2FD-46C0-AA5A-D4C38EEF3D99}.Debug|Any CPU.Build.0 = Debug|Any CPU
		{3AD9CD1E-C2FD-46C0-AA5A-D4C38EEF3D99}.Release|Any CPU.ActiveCfg = Release|Any CPU
		{3AD9CD1E-C2FD-46C0-AA5A-D4C38EEF3D99}.Release|Any CPU.Build.0 = Release|Any CPU
		{B791753E-378D-46F4-8CDB-A32575E9B8A4}.Debug|Any CPU.ActiveCfg = Debug|Any CPU
		{B791753E-378D-46F4-8CDB-A32575E9B8A4}.Debug|Any CPU.Build.0 = Debug|Any CPU
		{B791753E-378D-46F4-8CDB-A32575E9B8A4}.Release|Any CPU.ActiveCfg = Release|Any CPU
		{B791753E-378D-46F4-8CDB-A32575E9B8A4}.Release|Any CPU.Build.0 = Release|Any CPU
	EndGlobalSection
	GlobalSection(SolutionProperties) = preSolution
		HideSolutionNode = FALSE
	EndGlobalSection
EndGlobal
